{
  "version": "5",
  "specifiers": {
    "jsr:@std/internal@^1.0.14": "1.0.14",
    "jsr:@std/path@1.1.6": "1.1.6",
    "npm:@takumi-rs/helpers@2.13.2": "2.13.2_preact@10.29.8",
    "npm:@takumi-rs/wasm@2.13.2": "2.13.2_preact@10.29.8",
    "npm:preact@10.29.8": "10.29.8"
  },
  "jsr": {
    "@std/internal@1.0.14": {
      "integrity": "291516b3d4c35024d6ffbc0a9df5bf4c64116e05b50012cf846710152d2ffdf7"
    },
    "@std/path@1.1.6": {
      "integrity": "c68485c2a4dfbb5ae3cc74fae4e8c4e5d874cf8a8ed12927917235c758b46cbe",
      "dependencies": [
        "jsr:@std/internal"
      ]
    }
  },
  "npm": {
    "@takumi-rs/helpers@2.13.2_preact@10.29.8": {
      "integrity": "sha512-3GeoDLq30EgOW+fQlE14AQ2Ya3vmjRoKaqOQo6vlFGh7OMeRL0odDGI7AbWTgjpVWIE2tsyS/77Si2pFtOtVxg==",
      "dependencies": [
        "preact"
      ],
      "optionalPeers": [
        "preact"
      ]
    },
    "@takumi-rs/wasm@2.13.2_preact@10.29.8": {
      "integrity": "sha512-lbZjMU8HThaoL+HVWSahi9LFbH+ClV4DSf8SP+DsgVV3EpVjQN0FGKKLus06+pkl9NiWc5jGRE+cOlOCbmHp+g==",
      "dependencies": [
        "@takumi-rs/helpers"
      ]
    },
    "preact@10.29.8": {
      "integrity": "sha512-ej2aVZ+vZ8WO7tvlQWRM9N63A0KzF9q4mWJfDUHgYaIofWY9hu74QdnQrjoPMmZi2/nZ5gN0bJCQF49xQqx09Q=="
    }
  },
  "workspace": {
    "dependencies": [
      "jsr:@std/path@1.1.6",
      "npm:@takumi-rs/helpers@2.13.2",
      "npm:@takumi-rs/wasm@2.13.2",
      "npm:preact@10.29.8"
    ]
  }
}
