{
  "version": "5",
  "specifiers": {
    "jsr:@std/internal@^1.0.10": "1.0.14",
    "jsr:@std/path@1.1.2": "1.1.2",
    "npm:@takumi-rs/helpers@2.12.0": "2.12.0",
    "npm:@takumi-rs/wasm@2.12.0": "2.12.0"
  },
  "jsr": {
    "@std/internal@1.0.14": {
      "integrity": "291516b3d4c35024d6ffbc0a9df5bf4c64116e05b50012cf846710152d2ffdf7"
    },
    "@std/path@1.1.2": {
      "integrity": "c0b13b97dfe06546d5e16bf3966b1cadf92e1cc83e56ba5476ad8b498d9e3038",
      "dependencies": [
        "jsr:@std/internal"
      ]
    }
  },
  "npm": {
    "@takumi-rs/helpers@2.12.0": {
      "integrity": "sha512-3DF+spdZEKvFahc3SXQ3roXL9DzQkPoQ/oqopKT0bcXd3QiROTyYncRgzqUnEfBlFp236m9pSFVRSwW2GvLO9w=="
    },
    "@takumi-rs/wasm@2.12.0": {
      "integrity": "sha512-tGwNU96tWZZCqrCogy5nHfablvUW6UtzK52Ydnkld7hnNdzyU3eHrCzxNKmSf+tHYJHHKLgyOpgEnxFBIqriFQ==",
      "dependencies": [
        "@takumi-rs/helpers"
      ]
    }
  },
  "workspace": {
    "dependencies": [
      "jsr:@std/path@1.1.2",
      "npm:@takumi-rs/helpers@2.12.0",
      "npm:@takumi-rs/wasm@2.12.0"
    ]
  }
}
