{
  "version": "5",
  "specifiers": {
    "jsr:@std/internal@^1.0.14": "1.0.14",
    "jsr:@std/path@1.1.6": "1.1.6",
    "npm:@takumi-rs/helpers@2.13.3": "2.13.3_preact@10.29.8",
    "npm:@takumi-rs/wasm@2.13.3": "2.13.3_preact@10.29.8",
    "npm:preact@10.29.8": "10.29.8"
  },
  "jsr": {
    "@std/internal@1.0.14": {
      "integrity": "291516b3d4c35024d6ffbc0a9df5bf4c64116e05b50012cf846710152d2ffdf7"
    },
    "@std/path@1.1.6": {
      "integrity": "c68485c2a4dfbb5ae3cc74fae4e8c4e5d874cf8a8ed12927917235c758b46cbe",
      "dependencies": [
        "jsr:@std/internal"
      ]
    }
  },
  "npm": {
    "@takumi-rs/helpers@2.13.3_preact@10.29.8": {
      "integrity": "sha512-9ojGETH+sJuszHra6llslChQ0TD8v5MvsTbfkJiIwvxT+ekGOaafi7HEqpqY7diAsYnGE/sBhRyuUIQ6IbvusA==",
      "dependencies": [
        "preact"
      ],
      "optionalPeers": [
        "preact"
      ]
    },
    "@takumi-rs/wasm@2.13.3_preact@10.29.8": {
      "integrity": "sha512-ev37eFGozTbram8nmf0APE7afZpBMIDLdVUXmzQ5sP0SDuKzDUHV5WOhwbWWA8p0P664EgQ/UV8K8nOyEiqC7g==",
      "dependencies": [
        "@takumi-rs/helpers"
      ]
    },
    "preact@10.29.8": {
      "integrity": "sha512-ej2aVZ+vZ8WO7tvlQWRM9N63A0KzF9q4mWJfDUHgYaIofWY9hu74QdnQrjoPMmZi2/nZ5gN0bJCQF49xQqx09Q=="
    }
  },
  "workspace": {
    "dependencies": [
      "jsr:@std/path@1.1.6",
      "npm:@takumi-rs/helpers@2.13.3",
      "npm:@takumi-rs/wasm@2.13.3",
      "npm:preact@10.29.8"
    ]
  }
}
